
Microsoft Visual Studio Solution File, Format Version 12.00
# Visual Studio 2013
VisualStudioVersion = 12.0.40629.0
MinimumVisualStudioVersion = 10.0.40219.1
Project("{FAE04EC0-301F-11D3-BF4B-00C04F79EFBC}") = "Laser", "Laser\Laser.csproj", "{372D5CB1-FB70-4BDF-8815-7142816D11AA}"
EndProject
Global
	GlobalSection(SolutionConfigurationPlatforms) = preSolution
		Debug|Any CPU = Debug|Any CPU
		Release|Any CPU = Release|Any CPU
	EndGlobalSection
	GlobalSection(ProjectConfigurationPlatforms) = postSolution
		{372D5CB1-FB70-4BDF-8815-7142816D11AA}.Debug|Any CPU.ActiveCfg = Debug|Any CPU
		{372D5CB1-FB70-4BDF-8815-7142816D11AA}.Debug|Any CPU.Build.0 = Debug|Any CPU
		{372D5CB1-FB70-4BDF-8815-7142816D11AA}.Release|Any CPU.ActiveCfg = Release|Any CPU
		{372D5CB1-FB70-4BDF-8815-7142816D11AA}.Release|Any CPU.Build.0 = Release|Any CPU
	EndGlobalSection
	GlobalSection(SolutionProperties) = preSolution
		HideSolutionNode = FALSE
	EndGlobalSection
EndGlobal
